
Microsoft Visual Studio Solution File, Format Version 12.00
# Visual Studio Version 17
VisualStudioVersion = 17.2.32519.379
MinimumVisualStudioVersion = 10.0.40219.1
Project("{8BC9CEB8-8B4A-11D0-8D11-00A0C91BC942}") = "Week 04  Assignment", "Week 04  Assignment\Week 04  Assignment.vcxproj", "{90CD3133-8F4E-4C89-847E-164E01B9F981}"
EndProject
Global
	GlobalSection(SolutionConfigurationPlatforms) = preSolution
		Debug|x64 = Debug|x64
		Debug|x86 = Debug|x86
		Release|x64 = Release|x64
		Release|x86 = Release|x86
	EndGlobalSection
	GlobalSection(ProjectConfigurationPlatforms) = postSolution
		{90CD3133-8F4E-4C89-847E-164E01B9F981}.Debug|x64.ActiveCfg = Debug|x64
		{90CD3133-8F4E-4C89-847E-164E01B9F981}.Debug|x64.Build.0 = Debug|x64
		{90CD3133-8F4E-4C89-847E-164E01B9F981}.Debug|x86.ActiveCfg = Debug|Win32
		{90CD3133-8F4E-4C89-847E-164E01B9F981}.Debug|x86.Build.0 = Debug|Win32
		{90CD3133-8F4E-4C89-847E-164E01B9F981}.Release|x64.ActiveCfg = Release|x64
		{90CD3133-8F4E-4C89-847E-164E01B9F981}.Release|x64.Build.0 = Release|x64
		{90CD3133-8F4E-4C89-847E-164E01B9F981}.Release|x86.ActiveCfg = Release|Win32
		{90CD3133-8F4E-4C89-847E-164E01B9F981}.Release|x86.Build.0 = Release|Win32
	EndGlobalSection
	GlobalSection(SolutionProperties) = preSolution
		HideSolutionNode = FALSE
	EndGlobalSection
	GlobalSection(ExtensibilityGlobals) = postSolution
		SolutionGuid = {12178CF2-B6D5-47DD-8FDD-A52669FB2677}
	EndGlobalSection
EndGlobal
